lockfileVersion: '6.0'

settings:
  autoInstallPeers: true
  excludeLinksFromLockfile: false

dependencies:
  sst:
    specifier: 3.4.32
    version: 3.4.32

devDependencies:
  '@types/aws-lambda':
    specifier: 8.10.146
    version: 8.10.146
  sst-linux-x64:
    specifier: ^3.0.68
    version: 3.0.68

packages:

  /@types/aws-lambda@8.10.146:
    resolution: {integrity: sha512-3BaDXYTh0e6UCJYL/jwV/3+GRslSc08toAiZSmleYtkAUyV5rtvdPYxrG/88uqvTuT6sb27WE9OS90ZNTIuQ0g==}
    dev: true

  /aws4fetch@1.0.20:
    resolution: {integrity: sha512-/djoAN709iY65ETD6LKCtyyEI04XIBP5xVvfmNxsEP0uJB5tyaGBztSryRr4HqMStr9R06PisQE7m9zDTXKu6g==}
    dev: false

  /jose@4.15.9:
    resolution: {integrity: sha512-1vUQX+IdDMVPj4k8kOxgUqlcK518yluMuGZwqlr44FS1ppZB/5GWh4rZG89erpOBOJjU/OBsnCVFfapsRz6nEA==}
    dev: false

  /jose@5.2.3:
    resolution: {integrity: sha512-KUXdbctm1uHVL8BYhnyHkgp3zDX5KW8ZhAKVFEfUbU2P8Alpzjb+48hHvjOdQIyPshoblhzsuqOwEEAbtHVirA==}
    dev: false

  /lru-cache@6.0.0:
    resolution: {integrity: sha512-Jo6dJ04CmSjuznwJSS3pUeWmd/H0ffTlkXXgwZi+eq1UCmqQwCh+eLsYOYCwY991i2Fah4h1BEMCx4qThGbsiA==}
    engines: {node: '>=10'}
    dependencies:
      yallist: 4.0.0
    dev: false

  /object-hash@2.2.0:
    resolution: {integrity: sha512-gScRMn0bS5fH+IuwyIFgnh9zBdo4DV+6GhygmWM9HyNJSgS0hScp1f5vjtm7oIIOiT9trXrShAkLFSc2IqKNgw==}
    engines: {node: '>= 6'}
    dev: false

  /oidc-token-hash@5.0.3:
    resolution: {integrity: sha512-IF4PcGgzAr6XXSff26Sk/+P4KZFJVuHAJZj3wgO3vX2bMdNVp/QXTP3P7CEm9V1IdG8lDLY3HhiqpsE/nOwpPw==}
    engines: {node: ^10.13.0 || >=12.0.0}
    dev: false

  /openid-client@5.6.4:
    resolution: {integrity: sha512-T1h3B10BRPKfcObdBklX639tVz+xh34O7GjofqrqiAQdm7eHsQ00ih18x6wuJ/E6FxdtS2u3FmUGPDeEcMwzNA==}
    dependencies:
      jose: 4.15.9
      lru-cache: 6.0.0
      object-hash: 2.2.0
      oidc-token-hash: 5.0.3
    dev: false

  /sst-darwin-arm64@3.4.32:
    resolution: {integrity: sha512-0TRLGIGUybnPw3Uqu9EWxMq/wj4/CFCt5M7ZhQNiOGderdoda5aosyGBCfjFzVsT2uJint1HIgvQHH87zVmJFg==}
    cpu: [arm64]
    os: [darwin]
    requiresBuild: true
    dev: false
    optional: true

  /sst-darwin-x64@3.4.32:
    resolution: {integrity: sha512-7KT7/cFPLUFqw2ewLy78ZhjeILZz8XmFxDRPBY0F5P3Bv5yDfgi81sHCehX+knDO9LbJrcVm4wKUgbIotEYsJg==}
    cpu: [x64]
    os: [darwin]
    requiresBuild: true
    dev: false
    optional: true

  /sst-linux-arm64@3.4.32:
    resolution: {integrity: sha512-mNcy0VBRtavtAF15frAMgMqBqXqrhLPFeHTm9r/BkXhnDus4+G59PR4xKXs95Z959FRGkwO0uPQ/XMXQc7hqHg==}
    cpu: [arm64]
    os: [linux]
    requiresBuild: true
    dev: false
    optional: true

  /sst-linux-x64@3.0.68:
    resolution: {integrity: sha512-l84ga5sMWSbtU2kSFRpToTPSr9NB9jGfshSleXJo7MplSovF9+7xAmSRoxpw/Pfjmo0m+20EiMv3DGX6O94CzQ==}
    cpu: [x64]
    os: [linux]
    dev: true

  /sst-linux-x64@3.4.32:
    resolution: {integrity: sha512-uJNNOkYqWOr0YRqdzNPE3Vo0HGvgQfFYg/n8KJQWSd/fTy3GOewcPRBOWGOJYPlMeTJod5/4Ck60ZTx2XRG/Ow==}
    cpu: [x64]
    os: [linux]
    requiresBuild: true
    dev: false
    optional: true

  /sst-linux-x86@3.4.32:
    resolution: {integrity: sha512-WPchLYZfrmGP1Tor+D1a9XkWMV6Nph0Gn6u9XRfjDr9K+6xjAoTU21tLm3YCEAv9/f09QV7djhx1BUX4ONrd2w==}
    cpu: [x86]
    os: [linux]
    requiresBuild: true
    dev: false
    optional: true

  /sst@3.4.32:
    resolution: {integrity: sha512-UwQj8spkUAwUSkNz0Y10RO5ehohgiOXw0CnNuKNoAirUQHMGvKUIkoSXmLXGoqZvpTVy80rBMTAsICQa2XoTNw==}
    hasBin: true
    peerDependencies:
      hono: 4.x
      valibot: 0.30.x
    peerDependenciesMeta:
      hono:
        optional: true
      valibot:
        optional: true
    dependencies:
      aws4fetch: 1.0.20
      jose: 5.2.3
      openid-client: 5.6.4
    optionalDependencies:
      sst-darwin-arm64: 3.4.32
      sst-darwin-x64: 3.4.32
      sst-linux-arm64: 3.4.32
      sst-linux-x64: 3.4.32
      sst-linux-x86: 3.4.32
    dev: false

  /yallist@4.0.0:
    resolution: {integrity: sha512-3wdGidZyq5PB084XLES5TpOSRA3wjXAlIWMhum2kRcv/41Sn2emQ0dycQW4uZXLejwKvg6EsvbdlVL+FYEct7A==}
    dev: false
